// !$*UTF8*$!
{
	archiveVersion = 1;
	classes = {
	};
	objectVersion = 55;
	objects = {

/* Begin PBXBuildFile section */
		0221550C28939E97000025CA /* StockDetailsViewController.swift in Sources */ = {isa = PBXBuildFile; fileRef = 0221550B28939E97000025CA /* StockDetailsViewController.swift */; };
		022155102893ABFE000025CA /* FinancialCollectionView.swift in Sources */ = {isa = PBXBuildFile; fileRef = 0221550F2893ABFE000025CA /* FinancialCollectionView.swift */; };
		022155122893B240000025CA /* MetricCollectionViewCell.swift in Sources */ = {isa = PBXBuildFile; fileRef = 022155112893B240000025CA /* MetricCollectionViewCell.swift */; };
		02232FFB2890FAF600F364E9 /* TableViewDataManager.swift in Sources */ = {isa = PBXBuildFile; fileRef = 02232FFA2890FAF600F364E9 /* TableViewDataManager.swift */; };
		02232FFD2890FE1100F364E9 /* CompanyProfile.swift in Sources */ = {isa = PBXBuildFile; fileRef = 02232FFC2890FE1100F364E9 /* CompanyProfile.swift */; };
		02232FFF2890FEBA00F364E9 /* CompanyProfileRequest.swift in Sources */ = {isa = PBXBuildFile; fileRef = 02232FFE2890FEBA00F364E9 /* CompanyProfileRequest.swift */; };
		02233001289102CF00F364E9 /* StockListInteractor.swift in Sources */ = {isa = PBXBuildFile; fileRef = 02233000289102CF00F364E9 /* StockListInteractor.swift */; };
		022330032891090C00F364E9 /* StockListRouter.swift in Sources */ = {isa = PBXBuildFile; fileRef = 022330022891090C00F364E9 /* StockListRouter.swift */; };
		0223300528910DAD00F364E9 /* StockListModuleAssembly.swift in Sources */ = {isa = PBXBuildFile; fileRef = 0223300428910DAD00F364E9 /* StockListModuleAssembly.swift */; };
		022330072891143900F364E9 /* StockListPresenter.swift in Sources */ = {isa = PBXBuildFile; fileRef = 022330062891143900F364E9 /* StockListPresenter.swift */; };
		0265284428928C0A00C4159A /* TableViewModel.swift in Sources */ = {isa = PBXBuildFile; fileRef = 0265284328928C0A00C4159A /* TableViewModel.swift */; };
		0265284D2892973800C4159A /* NewsTableDataManager.swift in Sources */ = {isa = PBXBuildFile; fileRef = 0265284C2892973700C4159A /* NewsTableDataManager.swift */; };
		0265284F2892979300C4159A /* NewsViewRouter.swift in Sources */ = {isa = PBXBuildFile; fileRef = 0265284E2892979300C4159A /* NewsViewRouter.swift */; };
		0265285128929EB300C4159A /* NewsViewInteractor.swift in Sources */ = {isa = PBXBuildFile; fileRef = 0265285028929EB300C4159A /* NewsViewInteractor.swift */; };
		026528532892A3A800C4159A /* NewsViewPresenter.swift in Sources */ = {isa = PBXBuildFile; fileRef = 026528522892A3A800C4159A /* NewsViewPresenter.swift */; };
		026528552892A3BF00C4159A /* NewsViewAssembly.swift in Sources */ = {isa = PBXBuildFile; fileRef = 026528542892A3BF00C4159A /* NewsViewAssembly.swift */; };
		02797D40288A5BA90097EADC /* NewsTableViewCell.swift in Sources */ = {isa = PBXBuildFile; fileRef = 02797D3F288A5BA90097EADC /* NewsTableViewCell.swift */; };
		02797D43288A6DE10097EADC /* SDWebImage in Frameworks */ = {isa = PBXBuildFile; productRef = 02797D42288A6DE10097EADC /* SDWebImage */; };
		02797D45288A9DFC0097EADC /* StockSymbols.swift in Sources */ = {isa = PBXBuildFile; fileRef = 02797D44288A9DFC0097EADC /* StockSymbols.swift */; };
		028BA9AD289262710090B46C /* CalculateStockDynamic.swift in Sources */ = {isa = PBXBuildFile; fileRef = 028BA9AC289262710090B46C /* CalculateStockDynamic.swift */; };
		02BC87122897A22800CB209C /* PeriodCollection.swift in Sources */ = {isa = PBXBuildFile; fileRef = 02BC87112897A22800CB209C /* PeriodCollection.swift */; };
		02BC87142897A34500CB209C /* TimePeriodCollectionViewCell.swift in Sources */ = {isa = PBXBuildFile; fileRef = 02BC87132897A34500CB209C /* TimePeriodCollectionViewCell.swift */; };
		02BC871E2897ABC400CB209C /* FinancialDataInteractor.swift in Sources */ = {isa = PBXBuildFile; fileRef = 02BC871D2897ABC400CB209C /* FinancialDataInteractor.swift */; };
		02BC87202897ABE500CB209C /* FinancialMetricDataManager.swift in Sources */ = {isa = PBXBuildFile; fileRef = 02BC871F2897ABE500CB209C /* FinancialMetricDataManager.swift */; };
		02BC87222897AC7400CB209C /* MetricCollectionViewEntity.swift in Sources */ = {isa = PBXBuildFile; fileRef = 02BC87212897AC7400CB209C /* MetricCollectionViewEntity.swift */; };
		02BC87242897D3B600CB209C /* FinancialDataPresenter.swift in Sources */ = {isa = PBXBuildFile; fileRef = 02BC87232897D3B600CB209C /* FinancialDataPresenter.swift */; };
		02BC87262897D3C300CB209C /* FinancialDataAssembly.swift in Sources */ = {isa = PBXBuildFile; fileRef = 02BC87252897D3C300CB209C /* FinancialDataAssembly.swift */; };
		02BC87292897F7A600CB209C /* StockDetailsAssembly.swift in Sources */ = {isa = PBXBuildFile; fileRef = 02BC87282897F7A600CB209C /* StockDetailsAssembly.swift */; };
		02C42F7528890C04004D0091 /* SearchResponse.swift in Sources */ = {isa = PBXBuildFile; fileRef = 02C42F7328890C04004D0091 /* SearchResponse.swift */; };
		02C42F7928890E5D004D0091 /* Extensions.swift in Sources */ = {isa = PBXBuildFile; fileRef = 02C42F7828890E5D004D0091 /* Extensions.swift */; };
		02C42F7B288915E7004D0091 /* MarketDataResponse.swift in Sources */ = {isa = PBXBuildFile; fileRef = 02C42F7A288915E7004D0091 /* MarketDataResponse.swift */; };
		02C42F7D28894FDD004D0091 /* FinancialMetrics.swift in Sources */ = {isa = PBXBuildFile; fileRef = 02C42F7C28894FDD004D0091 /* FinancialMetrics.swift */; };
		02C42F7F28895B24004D0091 /* StockChartView.swift in Sources */ = {isa = PBXBuildFile; fileRef = 02C42F7E28895B24004D0091 /* StockChartView.swift */; };
		39D1D8612889A1E400FB2B9E /* FloatingPanel in Frameworks */ = {isa = PBXBuildFile; productRef = 39D1D8602889A1E400FB2B9E /* FloatingPanel */; };
		39D1D8632889A49A00FB2B9E /* NewsViewController.swift in Sources */ = {isa = PBXBuildFile; fileRef = 39D1D8622889A49A00FB2B9E /* NewsViewController.swift */; };
		39DA5312288E53EE0051A566 /* RequestProtocol.swift in Sources */ = {isa = PBXBuildFile; fileRef = 39DA5311288E53EE0051A566 /* RequestProtocol.swift */; };
		39DA5314288E54110051A566 /* DataParserProtocol.swift in Sources */ = {isa = PBXBuildFile; fileRef = 39DA5313288E54110051A566 /* DataParserProtocol.swift */; };
		39DA5316288E54300051A566 /* APIManager.swift in Sources */ = {isa = PBXBuildFile; fileRef = 39DA5315288E54300051A566 /* APIManager.swift */; };
		39DA5318288FFEF20051A566 /* APIConstants.swift in Sources */ = {isa = PBXBuildFile; fileRef = 39DA5317288FFEF20051A566 /* APIConstants.swift */; };
		39DA531A288FFF110051A566 /* RequestType.swift in Sources */ = {isa = PBXBuildFile; fileRef = 39DA5319288FFF110051A566 /* RequestType.swift */; };
		39DA531C288FFF230051A566 /* APIError.swift in Sources */ = {isa = PBXBuildFile; fileRef = 39DA531B288FFF230051A566 /* APIError.swift */; };
		39DA5320288FFFAC0051A566 /* EndPoints.swift in Sources */ = {isa = PBXBuildFile; fileRef = 39DA531F288FFFAC0051A566 /* EndPoints.swift */; };
		39DA5323289000490051A566 /* Search.swift in Sources */ = {isa = PBXBuildFile; fileRef = 39DA5322289000490051A566 /* Search.swift */; };
		39DA5326289009F70051A566 /* LaunchScreen.storyboard in Resources */ = {isa = PBXBuildFile; fileRef = 64ABB1E52886CEBA00B203F3 /* LaunchScreen.storyboard */; };
		39DA5327289009FC0051A566 /* Assets.xcassets in Resources */ = {isa = PBXBuildFile; fileRef = 64ABB1E32886CEBA00B203F3 /* Assets.xcassets */; };
		39DA532928900AC50051A566 /* News.swift in Sources */ = {isa = PBXBuildFile; fileRef = 39DA532828900AC50051A566 /* News.swift */; };
		39DA532B28900B210051A566 /* NewsRequest.swift in Sources */ = {isa = PBXBuildFile; fileRef = 39DA532A28900B210051A566 /* NewsRequest.swift */; };
		39DA532D28900E530051A566 /* SymbolsRequest.swift in Sources */ = {isa = PBXBuildFile; fileRef = 39DA532C28900E530051A566 /* SymbolsRequest.swift */; };
		39DA532F28900FBF0051A566 /* FinancialMetricsRequest.swift in Sources */ = {isa = PBXBuildFile; fileRef = 39DA532E28900FBF0051A566 /* FinancialMetricsRequest.swift */; };
		39DA5331289014EE0051A566 /* MarketDataRequest.swift in Sources */ = {isa = PBXBuildFile; fileRef = 39DA5330289014EE0051A566 /* MarketDataRequest.swift */; };
		39E1918A288A54DE007FAFAE /* NewsTableHeaderView.swift in Sources */ = {isa = PBXBuildFile; fileRef = 39E19189288A54DE007FAFAE /* NewsTableHeaderView.swift */; };
		64ABB1DB2886CEB800B203F3 /* AppDelegate.swift in Sources */ = {isa = PBXBuildFile; fileRef = 64ABB1DA2886CEB800B203F3 /* AppDelegate.swift */; };
		64ABB1DD2886CEB800B203F3 /* SceneDelegate.swift in Sources */ = {isa = PBXBuildFile; fileRef = 64ABB1DC2886CEB800B203F3 /* SceneDelegate.swift */; };
		64ABB1DF2886CEB800B203F3 /* ViewController.swift in Sources */ = {isa = PBXBuildFile; fileRef = 64ABB1DE2886CEB800B203F3 /* ViewController.swift */; };
		64ABB1F32886D29700B203F3 /* StockVC.swift in Sources */ = {isa = PBXBuildFile; fileRef = 64ABB1F22886D29700B203F3 /* StockVC.swift */; };
		64ABB1F52886D2C400B203F3 /* FavoritesVC.swift in Sources */ = {isa = PBXBuildFile; fileRef = 64ABB1F42886D2C400B203F3 /* FavoritesVC.swift */; };
		64ABB1F72886D2D300B203F3 /* SearchVC.swift in Sources */ = {isa = PBXBuildFile; fileRef = 64ABB1F62886D2D300B203F3 /* SearchVC.swift */; };
		64ABB1F92886D9AF00B203F3 /* Stock.swift in Sources */ = {isa = PBXBuildFile; fileRef = 64ABB1F82886D9AF00B203F3 /* Stock.swift */; };
		64ABB1FC2886DCDC00B203F3 /* StockTableViewCell.swift in Sources */ = {isa = PBXBuildFile; fileRef = 64ABB1FB2886DCDC00B203F3 /* StockTableViewCell.swift */; };
		64ABB1FE2887C4CB00B203F3 /* StockInfoVC.swift in Sources */ = {isa = PBXBuildFile; fileRef = 64ABB1FD2887C4CB00B203F3 /* StockInfoVC.swift */; };
		64ABB20A2887FA1300B203F3 /* IntervalCVCell.swift in Sources */ = {isa = PBXBuildFile; fileRef = 64ABB2092887FA1300B203F3 /* IntervalCVCell.swift */; };
		64D2E4C22889510100BBF4FF /* Charts in Frameworks */ = {isa = PBXBuildFile; productRef = 64D2E4C12889510100BBF4FF /* Charts */; };
		64D2E4C52889511D00BBF4FF /* StocksTableVC.swift in Sources */ = {isa = PBXBuildFile; fileRef = 64D2E4C42889511D00BBF4FF /* StocksTableVC.swift */; };
/* End PBXBuildFile section */

/* Begin PBXFileReference section */
		0221550B28939E97000025CA /* StockDetailsViewController.swift */ = {isa = PBXFileReference; lastKnownFileType = sourcecode.swift; path = StockDetailsViewController.swift; sourceTree = "<group>"; };
		0221550F2893ABFE000025CA /* FinancialCollectionView.swift */ = {isa = PBXFileReference; lastKnownFileType = sourcecode.swift; path = FinancialCollectionView.swift; sourceTree = "<group>"; };
		022155112893B240000025CA /* MetricCollectionViewCell.swift */ = {isa = PBXFileReference; lastKnownFileType = sourcecode.swift; path = MetricCollectionViewCell.swift; sourceTree = "<group>"; };
		02232FFA2890FAF600F364E9 /* TableViewDataManager.swift */ = {isa = PBXFileReference; lastKnownFileType = sourcecode.swift; path = TableViewDataManager.swift; sourceTree = "<group>"; };
		02232FFC2890FE1100F364E9 /* CompanyProfile.swift */ = {isa = PBXFileReference; lastKnownFileType = sourcecode.swift; path = CompanyProfile.swift; sourceTree = "<group>"; };
		02232FFE2890FEBA00F364E9 /* CompanyProfileRequest.swift */ = {isa = PBXFileReference; lastKnownFileType = sourcecode.swift; path = CompanyProfileRequest.swift; sourceTree = "<group>"; };
		02233000289102CF00F364E9 /* StockListInteractor.swift */ = {isa = PBXFileReference; lastKnownFileType = sourcecode.swift; path = StockListInteractor.swift; sourceTree = "<group>"; };
		022330022891090C00F364E9 /* StockListRouter.swift */ = {isa = PBXFileReference; lastKnownFileType = sourcecode.swift; path = StockListRouter.swift; sourceTree = "<group>"; };
		0223300428910DAD00F364E9 /* StockListModuleAssembly.swift */ = {isa = PBXFileReference; lastKnownFileType = sourcecode.swift; path = StockListModuleAssembly.swift; sourceTree = "<group>"; };
		022330062891143900F364E9 /* StockListPresenter.swift */ = {isa = PBXFileReference; lastKnownFileType = sourcecode.swift; path = StockListPresenter.swift; sourceTree = "<group>"; };
		0265284328928C0A00C4159A /* TableViewModel.swift */ = {isa = PBXFileReference; lastKnownFileType = sourcecode.swift; path = TableViewModel.swift; sourceTree = "<group>"; };
		0265284C2892973700C4159A /* NewsTableDataManager.swift */ = {isa = PBXFileReference; lastKnownFileType = sourcecode.swift; path = NewsTableDataManager.swift; sourceTree = "<group>"; };
		0265284E2892979300C4159A /* NewsViewRouter.swift */ = {isa = PBXFileReference; lastKnownFileType = sourcecode.swift; path = NewsViewRouter.swift; sourceTree = "<group>"; };
		0265285028929EB300C4159A /* NewsViewInteractor.swift */ = {isa = PBXFileReference; lastKnownFileType = sourcecode.swift; path = NewsViewInteractor.swift; sourceTree = "<group>"; };
		026528522892A3A800C4159A /* NewsViewPresenter.swift */ = {isa = PBXFileReference; lastKnownFileType = sourcecode.swift; path = NewsViewPresenter.swift; sourceTree = "<group>"; };
		026528542892A3BF00C4159A /* NewsViewAssembly.swift */ = {isa = PBXFileReference; lastKnownFileType = sourcecode.swift; path = NewsViewAssembly.swift; sourceTree = "<group>"; };
		02797D3F288A5BA90097EADC /* NewsTableViewCell.swift */ = {isa = PBXFileReference; lastKnownFileType = sourcecode.swift; path = NewsTableViewCell.swift; sourceTree = "<group>"; };
		02797D44288A9DFC0097EADC /* StockSymbols.swift */ = {isa = PBXFileReference; lastKnownFileType = sourcecode.swift; path = StockSymbols.swift; sourceTree = "<group>"; };
		028BA9AC289262710090B46C /* CalculateStockDynamic.swift */ = {isa = PBXFileReference; lastKnownFileType = sourcecode.swift; path = CalculateStockDynamic.swift; sourceTree = "<group>"; };
		02BC87112897A22800CB209C /* PeriodCollection.swift */ = {isa = PBXFileReference; lastKnownFileType = sourcecode.swift; path = PeriodCollection.swift; sourceTree = "<group>"; };
		02BC87132897A34500CB209C /* TimePeriodCollectionViewCell.swift */ = {isa = PBXFileReference; lastKnownFileType = sourcecode.swift; path = TimePeriodCollectionViewCell.swift; sourceTree = "<group>"; };
		02BC871D2897ABC400CB209C /* FinancialDataInteractor.swift */ = {isa = PBXFileReference; lastKnownFileType = sourcecode.swift; path = FinancialDataInteractor.swift; sourceTree = "<group>"; };
		02BC871F2897ABE500CB209C /* FinancialMetricDataManager.swift */ = {isa = PBXFileReference; lastKnownFileType = sourcecode.swift; path = FinancialMetricDataManager.swift; sourceTree = "<group>"; };
		02BC87212897AC7400CB209C /* MetricCollectionViewEntity.swift */ = {isa = PBXFileReference; lastKnownFileType = sourcecode.swift; path = MetricCollectionViewEntity.swift; sourceTree = "<group>"; };
		02BC87232897D3B600CB209C /* FinancialDataPresenter.swift */ = {isa = PBXFileReference; lastKnownFileType = sourcecode.swift; path = FinancialDataPresenter.swift; sourceTree = "<group>"; };
		02BC87252897D3C300CB209C /* FinancialDataAssembly.swift */ = {isa = PBXFileReference; lastKnownFileType = sourcecode.swift; path = FinancialDataAssembly.swift; sourceTree = "<group>"; };
		02BC87282897F7A600CB209C /* StockDetailsAssembly.swift */ = {isa = PBXFileReference; lastKnownFileType = sourcecode.swift; path = StockDetailsAssembly.swift; sourceTree = "<group>"; };
		02C42F7328890C04004D0091 /* SearchResponse.swift */ = {isa = PBXFileReference; fileEncoding = 4; lastKnownFileType = sourcecode.swift; path = SearchResponse.swift; sourceTree = "<group>"; };
		02C42F7828890E5D004D0091 /* Extensions.swift */ = {isa = PBXFileReference; lastKnownFileType = sourcecode.swift; path = Extensions.swift; sourceTree = "<group>"; };
		02C42F7A288915E7004D0091 /* MarketDataResponse.swift */ = {isa = PBXFileReference; lastKnownFileType = sourcecode.swift; path = MarketDataResponse.swift; sourceTree = "<group>"; };
		02C42F7C28894FDD004D0091 /* FinancialMetrics.swift */ = {isa = PBXFileReference; lastKnownFileType = sourcecode.swift; path = FinancialMetrics.swift; sourceTree = "<group>"; };
		02C42F7E28895B24004D0091 /* StockChartView.swift */ = {isa = PBXFileReference; lastKnownFileType = sourcecode.swift; path = StockChartView.swift; sourceTree = "<group>"; };
		39D1D8622889A49A00FB2B9E /* NewsViewController.swift */ = {isa = PBXFileReference; lastKnownFileType = sourcecode.swift; path = NewsViewController.swift; sourceTree = "<group>"; };
		39DA5311288E53EE0051A566 /* RequestProtocol.swift */ = {isa = PBXFileReference; lastKnownFileType = sourcecode.swift; path = RequestProtocol.swift; sourceTree = "<group>"; };
		39DA5313288E54110051A566 /* DataParserProtocol.swift */ = {isa = PBXFileReference; lastKnownFileType = sourcecode.swift; path = DataParserProtocol.swift; sourceTree = "<group>"; };
		39DA5315288E54300051A566 /* APIManager.swift */ = {isa = PBXFileReference; lastKnownFileType = sourcecode.swift; path = APIManager.swift; sourceTree = "<group>"; };
		39DA5317288FFEF20051A566 /* APIConstants.swift */ = {isa = PBXFileReference; lastKnownFileType = sourcecode.swift; path = APIConstants.swift; sourceTree = "<group>"; };
		39DA5319288FFF110051A566 /* RequestType.swift */ = {isa = PBXFileReference; lastKnownFileType = sourcecode.swift; path = RequestType.swift; sourceTree = "<group>"; };
		39DA531B288FFF230051A566 /* APIError.swift */ = {isa = PBXFileReference; lastKnownFileType = sourcecode.swift; path = APIError.swift; sourceTree = "<group>"; };
		39DA531F288FFFAC0051A566 /* EndPoints.swift */ = {isa = PBXFileReference; lastKnownFileType = sourcecode.swift; path = EndPoints.swift; sourceTree = "<group>"; };
		39DA5322289000490051A566 /* Search.swift */ = {isa = PBXFileReference; lastKnownFileType = sourcecode.swift; path = Search.swift; sourceTree = "<group>"; };
		39DA532828900AC50051A566 /* News.swift */ = {isa = PBXFileReference; lastKnownFileType = sourcecode.swift; path = News.swift; sourceTree = "<group>"; };
		39DA532A28900B210051A566 /* NewsRequest.swift */ = {isa = PBXFileReference; lastKnownFileType = sourcecode.swift; path = NewsRequest.swift; sourceTree = "<group>"; };
		39DA532C28900E530051A566 /* SymbolsRequest.swift */ = {isa = PBXFileReference; lastKnownFileType = sourcecode.swift; path = SymbolsRequest.swift; sourceTree = "<group>"; };
		39DA532E28900FBF0051A566 /* FinancialMetricsRequest.swift */ = {isa = PBXFileReference; lastKnownFileType = sourcecode.swift; path = FinancialMetricsRequest.swift; sourceTree = "<group>"; };
		39DA5330289014EE0051A566 /* MarketDataRequest.swift */ = {isa = PBXFileReference; lastKnownFileType = sourcecode.swift; path = MarketDataRequest.swift; sourceTree = "<group>"; };
		39E19189288A54DE007FAFAE /* NewsTableHeaderView.swift */ = {isa = PBXFileReference; lastKnownFileType = sourcecode.swift; path = NewsTableHeaderView.swift; sourceTree = "<group>"; };
		64ABB1D72886CEB800B203F3 /* Stock App.app */ = {isa = PBXFileReference; explicitFileType = wrapper.application; includeInIndex = 0; path = "Stock App.app"; sourceTree = BUILT_PRODUCTS_DIR; };
		64ABB1DA2886CEB800B203F3 /* AppDelegate.swift */ = {isa = PBXFileReference; lastKnownFileType = sourcecode.swift; path = AppDelegate.swift; sourceTree = "<group>"; };
		64ABB1DC2886CEB800B203F3 /* SceneDelegate.swift */ = {isa = PBXFileReference; lastKnownFileType = sourcecode.swift; path = SceneDelegate.swift; sourceTree = "<group>"; };
		64ABB1DE2886CEB800B203F3 /* ViewController.swift */ = {isa = PBXFileReference; lastKnownFileType = sourcecode.swift; path = ViewController.swift; sourceTree = "<group>"; };
		64ABB1E32886CEBA00B203F3 /* Assets.xcassets */ = {isa = PBXFileReference; lastKnownFileType = folder.assetcatalog; path = Assets.xcassets; sourceTree = "<group>"; };
		64ABB1E62886CEBA00B203F3 /* Base */ = {isa = PBXFileReference; lastKnownFileType = file.storyboard; name = Base; path = Base.lproj/LaunchScreen.storyboard; sourceTree = "<group>"; };
		64ABB1E82886CEBA00B203F3 /* Info.plist */ = {isa = PBXFileReference; lastKnownFileType = text.plist.xml; path = Info.plist; sourceTree = "<group>"; };
		64ABB1F22886D29700B203F3 /* StockVC.swift */ = {isa = PBXFileReference; lastKnownFileType = sourcecode.swift; path = StockVC.swift; sourceTree = "<group>"; };
		64ABB1F42886D2C400B203F3 /* FavoritesVC.swift */ = {isa = PBXFileReference; lastKnownFileType = sourcecode.swift; path = FavoritesVC.swift; sourceTree = "<group>"; };
		64ABB1F62886D2D300B203F3 /* SearchVC.swift */ = {isa = PBXFileReference; lastKnownFileType = sourcecode.swift; path = SearchVC.swift; sourceTree = "<group>"; };
		64ABB1F82886D9AF00B203F3 /* Stock.swift */ = {isa = PBXFileReference; lastKnownFileType = sourcecode.swift; path = Stock.swift; sourceTree = "<group>"; };
		64ABB1FB2886DCDC00B203F3 /* StockTableViewCell.swift */ = {isa = PBXFileReference; lastKnownFileType = sourcecode.swift; path = StockTableViewCell.swift; sourceTree = "<group>"; };
		64ABB1FD2887C4CB00B203F3 /* StockInfoVC.swift */ = {isa = PBXFileReference; lastKnownFileType = sourcecode.swift; path = StockInfoVC.swift; sourceTree = "<group>"; };
		64ABB2092887FA1300B203F3 /* IntervalCVCell.swift */ = {isa = PBXFileReference; lastKnownFileType = sourcecode.swift; path = IntervalCVCell.swift; sourceTree = "<group>"; };
		64D2E4C42889511D00BBF4FF /* StocksTableVC.swift */ = {isa = PBXFileReference; fileEncoding = 4; lastKnownFileType = sourcecode.swift; path = StocksTableVC.swift; sourceTree = "<group>"; };
/* End PBXFileReference section */

/* Begin PBXFrameworksBuildPhase section */
		64ABB1D42886CEB800B203F3 /* Frameworks */ = {
			isa = PBXFrameworksBuildPhase;
			buildActionMask = 2147483647;
			files = (
				02797D43288A6DE10097EADC /* SDWebImage in Frameworks */,
				64D2E4C22889510100BBF4FF /* Charts in Frameworks */,
				39D1D8612889A1E400FB2B9E /* FloatingPanel in Frameworks */,
			);
			runOnlyForDeploymentPostprocessing = 0;
		};
/* End PBXFrameworksBuildPhase section */

/* Begin PBXGroup section */
		0221550528939E43000025CA /* StockDetailsModule */ = {
			isa = PBXGroup;
			children = (
				02BC87272897F78600CB209C /* Assembly */,
				02BC87162897AB4C00CB209C /* FinancialDataModule */,
				0221550628939E59000025CA /* View */,
			);
			path = StockDetailsModule;
			sourceTree = "<group>";
		};
		0221550628939E59000025CA /* View */ = {
			isa = PBXGroup;
			children = (
				0221550B28939E97000025CA /* StockDetailsViewController.swift */,
				02BC87112897A22800CB209C /* PeriodCollection.swift */,
			);
			path = View;
			sourceTree = "<group>";
		};
		02232FF32890FA6700F364E9 /* StockListModule */ = {
			isa = PBXGroup;
			children = (
				02652845289296D300C4159A /* NewsViewModule */,
				02232FF92890FACE00F364E9 /* Assembly */,
				02232FF82890FAC300F364E9 /* Presenter */,
				02232FF72890FAB900F364E9 /* Interactor */,
				02232FF62890FAB000F364E9 /* Entity */,
				02232FF52890FAA500F364E9 /* Router */,
				02232FF42890FA8C00F364E9 /* View */,
			);
			path = StockListModule;
			sourceTree = "<group>";
		};
		02232FF42890FA8C00F364E9 /* View */ = {
			isa = PBXGroup;
			children = (
				64ABB1F22886D29700B203F3 /* StockVC.swift */,
				64D2E4C42889511D00BBF4FF /* StocksTableVC.swift */,
				02232FFA2890FAF600F364E9 /* TableViewDataManager.swift */,
			);
			path = View;
			sourceTree = "<group>";
		};
		02232FF52890FAA500F364E9 /* Router */ = {
			isa = PBXGroup;
			children = (
				022330022891090C00F364E9 /* StockListRouter.swift */,
			);
			path = Router;
			sourceTree = "<group>";
		};
		02232FF62890FAB000F364E9 /* Entity */ = {
			isa = PBXGroup;
			children = (
				0265284328928C0A00C4159A /* TableViewModel.swift */,
			);
			path = Entity;
			sourceTree = "<group>";
		};
		02232FF72890FAB900F364E9 /* Interactor */ = {
			isa = PBXGroup;
			children = (
				02233000289102CF00F364E9 /* StockListInteractor.swift */,
			);
			name = Interactor;
			sourceTree = "<group>";
		};
		02232FF82890FAC300F364E9 /* Presenter */ = {
			isa = PBXGroup;
			children = (
				022330062891143900F364E9 /* StockListPresenter.swift */,
			);
			path = Presenter;
			sourceTree = "<group>";
		};
		02232FF92890FACE00F364E9 /* Assembly */ = {
			isa = PBXGroup;
			children = (
				0223300428910DAD00F364E9 /* StockListModuleAssembly.swift */,
			);
			path = Assembly;
			sourceTree = "<group>";
		};
		02652845289296D300C4159A /* NewsViewModule */ = {
			isa = PBXGroup;
			children = (
				0265284B2892970F00C4159A /* Assembly */,
				0265284A2892970600C4159A /* Entity */,
				02652849289296FC00C4159A /* Presenter */,
				02652848289296F600C4159A /* Router */,
				02652847289296EF00C4159A /* Interactor */,
				02652846289296E500C4159A /* View */,
			);
			path = NewsViewModule;
			sourceTree = "<group>";
		};
		02652846289296E500C4159A /* View */ = {
			isa = PBXGroup;
			children = (
				39D1D8622889A49A00FB2B9E /* NewsViewController.swift */,
				0265284C2892973700C4159A /* NewsTableDataManager.swift */,
			);
			path = View;
			sourceTree = "<group>";
		};
		02652847289296EF00C4159A /* Interactor */ = {
			isa = PBXGroup;
			children = (
				0265285028929EB300C4159A /* NewsViewInteractor.swift */,
			);
			path = Interactor;
			sourceTree = "<group>";
		};
		02652848289296F600C4159A /* Router */ = {
			isa = PBXGroup;
			children = (
				0265284E2892979300C4159A /* NewsViewRouter.swift */,
			);
			path = Router;
			sourceTree = "<group>";
		};
		02652849289296FC00C4159A /* Presenter */ = {
			isa = PBXGroup;
			children = (
				026528522892A3A800C4159A /* NewsViewPresenter.swift */,
			);
			path = Presenter;
			sourceTree = "<group>";
		};
		0265284A2892970600C4159A /* Entity */ = {
			isa = PBXGroup;
			children = (
			);
			path = Entity;
			sourceTree = "<group>";
		};
		0265284B2892970F00C4159A /* Assembly */ = {
			isa = PBXGroup;
			children = (
				026528542892A3BF00C4159A /* NewsViewAssembly.swift */,
			);
			path = Assembly;
			sourceTree = "<group>";
		};
		028BA9AB2892623E0090B46C /* Helpers */ = {
			isa = PBXGroup;
			children = (
				02C42F7828890E5D004D0091 /* Extensions.swift */,
				028BA9AC289262710090B46C /* CalculateStockDynamic.swift */,
			);
			path = Helpers;
			sourceTree = "<group>";
		};
		02BC87162897AB4C00CB209C /* FinancialDataModule */ = {
			isa = PBXGroup;
			children = (
				02BC871C2897ABA800CB209C /* Router */,
				02BC871B2897AB9600CB209C /* Assembly */,
				02BC871A2897AB8E00CB209C /* Entity */,
				02BC87192897AB8900CB209C /* Presenter */,
				02BC87182897AB8200CB209C /* Interactor */,
				02BC87172897AB7C00CB209C /* View */,
			);
			path = FinancialDataModule;
			sourceTree = "<group>";
		};
		02BC87172897AB7C00CB209C /* View */ = {
			isa = PBXGroup;
			children = (
				0221550F2893ABFE000025CA /* FinancialCollectionView.swift */,
				02BC871F2897ABE500CB209C /* FinancialMetricDataManager.swift */,
			);
			path = View;
			sourceTree = "<group>";
		};
		02BC87182897AB8200CB209C /* Interactor */ = {
			isa = PBXGroup;
			children = (
				02BC871D2897ABC400CB209C /* FinancialDataInteractor.swift */,
			);
			path = Interactor;
			sourceTree = "<group>";
		};
		02BC87192897AB8900CB209C /* Presenter */ = {
			isa = PBXGroup;
			children = (
				02BC87232897D3B600CB209C /* FinancialDataPresenter.swift */,
			);
			path = Presenter;
			sourceTree = "<group>";
		};
		02BC871A2897AB8E00CB209C /* Entity */ = {
			isa = PBXGroup;
			children = (
				02BC87212897AC7400CB209C /* MetricCollectionViewEntity.swift */,
			);
			path = Entity;
			sourceTree = "<group>";
		};
		02BC871B2897AB9600CB209C /* Assembly */ = {
			isa = PBXGroup;
			children = (
				02BC87252897D3C300CB209C /* FinancialDataAssembly.swift */,
			);
			path = Assembly;
			sourceTree = "<group>";
		};
		02BC871C2897ABA800CB209C /* Router */ = {
			isa = PBXGroup;
			children = (
			);
			path = Router;
			sourceTree = "<group>";
		};
		02BC87272897F78600CB209C /* Assembly */ = {
			isa = PBXGroup;
			children = (
				02BC87282897F7A600CB209C /* StockDetailsAssembly.swift */,
			);
			path = Assembly;
			sourceTree = "<group>";
		};
		02CB45A4288814740070D7AD /* Network */ = {
			isa = PBXGroup;
			children = (
				39DA5321289000280051A566 /* End Points implementation */,
				39DA5311288E53EE0051A566 /* RequestProtocol.swift */,
				39DA5317288FFEF20051A566 /* APIConstants.swift */,
				39DA5313288E54110051A566 /* DataParserProtocol.swift */,
				39DA5315288E54300051A566 /* APIManager.swift */,
				39DA5319288FFF110051A566 /* RequestType.swift */,
				39DA531B288FFF230051A566 /* APIError.swift */,
				39DA531F288FFFAC0051A566 /* EndPoints.swift */,
			);
			path = Network;
			sourceTree = "<group>";
		};
		39DA5321289000280051A566 /* End Points implementation */ = {
			isa = PBXGroup;
			children = (
				39DA5322289000490051A566 /* Search.swift */,
				39DA532A28900B210051A566 /* NewsRequest.swift */,
				39DA532C28900E530051A566 /* SymbolsRequest.swift */,
				39DA532E28900FBF0051A566 /* FinancialMetricsRequest.swift */,
				39DA5330289014EE0051A566 /* MarketDataRequest.swift */,
				02232FFE2890FEBA00F364E9 /* CompanyProfileRequest.swift */,
			);
			path = "End Points implementation";
			sourceTree = "<group>";
		};
		64ABB1CE2886CEB800B203F3 = {
			isa = PBXGroup;
			children = (
				64ABB1D92886CEB800B203F3 /* Stock App */,
				64ABB1D82886CEB800B203F3 /* Products */,
			);
			sourceTree = "<group>";
		};
		64ABB1D82886CEB800B203F3 /* Products */ = {
			isa = PBXGroup;
			children = (
				64ABB1D72886CEB800B203F3 /* Stock App.app */,
			);
			name = Products;
			sourceTree = "<group>";
		};
		64ABB1D92886CEB800B203F3 /* Stock App */ = {
			isa = PBXGroup;
			children = (
				028BA9AB2892623E0090B46C /* Helpers */,
				02CB45A4288814740070D7AD /* Network */,
				64ABB1F02886D0CA00B203F3 /* Model */,
				64ABB1F12886D0D200B203F3 /* View */,
				64ABB1EF2886D0B700B203F3 /* Controllers */,
				64ABB1DE2886CEB800B203F3 /* ViewController.swift */,
				64ABB1EE2886CF5200B203F3 /* Support */,
			);
			path = "Stock App";
			sourceTree = "<group>";
		};
		64ABB1EE2886CF5200B203F3 /* Support */ = {
			isa = PBXGroup;
			children = (
				64ABB1DA2886CEB800B203F3 /* AppDelegate.swift */,
				64ABB1DC2886CEB800B203F3 /* SceneDelegate.swift */,
				64ABB1E32886CEBA00B203F3 /* Assets.xcassets */,
				64ABB1E52886CEBA00B203F3 /* LaunchScreen.storyboard */,
				64ABB1E82886CEBA00B203F3 /* Info.plist */,
			);
			path = Support;
			sourceTree = "<group>";
		};
		64ABB1EF2886D0B700B203F3 /* Controllers */ = {
			isa = PBXGroup;
			children = (
				0221550528939E43000025CA /* StockDetailsModule */,
				02232FF32890FA6700F364E9 /* StockListModule */,
				64ABB1F42886D2C400B203F3 /* FavoritesVC.swift */,
				64ABB1F62886D2D300B203F3 /* SearchVC.swift */,
				64ABB1FD2887C4CB00B203F3 /* StockInfoVC.swift */,
			);
			path = Controllers;
			sourceTree = "<group>";
		};
		64ABB1F02886D0CA00B203F3 /* Model */ = {
			isa = PBXGroup;
			children = (
				64ABB1F82886D9AF00B203F3 /* Stock.swift */,
				02C42F7328890C04004D0091 /* SearchResponse.swift */,
				02C42F7A288915E7004D0091 /* MarketDataResponse.swift */,
				02C42F7C28894FDD004D0091 /* FinancialMetrics.swift */,
				02797D44288A9DFC0097EADC /* StockSymbols.swift */,
				39DA532828900AC50051A566 /* News.swift */,
				02232FFC2890FE1100F364E9 /* CompanyProfile.swift */,
			);
			path = Model;
			sourceTree = "<group>";
		};
		64ABB1F12886D0D200B203F3 /* View */ = {
			isa = PBXGroup;
			children = (
				64ABB1FA2886DCB300B203F3 /* Cells */,
				02C42F7E28895B24004D0091 /* StockChartView.swift */,
				39E19189288A54DE007FAFAE /* NewsTableHeaderView.swift */,
			);
			path = View;
			sourceTree = "<group>";
		};
		64ABB1FA2886DCB300B203F3 /* Cells */ = {
			isa = PBXGroup;
			children = (
				64ABB1FB2886DCDC00B203F3 /* StockTableViewCell.swift */,
				64ABB2092887FA1300B203F3 /* IntervalCVCell.swift */,
				02797D3F288A5BA90097EADC /* NewsTableViewCell.swift */,
				02BC87132897A34500CB209C /* TimePeriodCollectionViewCell.swift */,
				022155112893B240000025CA /* MetricCollectionViewCell.swift */,
			);
			path = Cells;
			sourceTree = "<group>";
		};
/* End PBXGroup section */

/* Begin PBXNativeTarget section */
		64ABB1D62886CEB800B203F3 /* Stock App */ = {
			isa = PBXNativeTarget;
			buildConfigurationList = 64ABB1EB2886CEBA00B203F3 /* Build configuration list for PBXNativeTarget "Stock App" */;
			buildPhases = (
				64ABB1D32886CEB800B203F3 /* Sources */,
				64ABB1D42886CEB800B203F3 /* Frameworks */,
				64ABB1D52886CEB800B203F3 /* Resources */,
			);
			buildRules = (
			);
			dependencies = (
			);
			name = "Stock App";
			packageProductDependencies = (
				64D2E4C12889510100BBF4FF /* Charts */,
				39D1D8602889A1E400FB2B9E /* FloatingPanel */,
				02797D42288A6DE10097EADC /* SDWebImage */,
			);
			productName = "Stock App";
			productReference = 64ABB1D72886CEB800B203F3 /* Stock App.app */;
			productType = "com.apple.product-type.application";
		};
/* End PBXNativeTarget section */

/* Begin PBXProject section */
		64ABB1CF2886CEB800B203F3 /* Project object */ = {
			isa = PBXProject;
			attributes = {
				BuildIndependentTargetsInParallel = 1;
				LastSwiftUpdateCheck = 1340;
				LastUpgradeCheck = 1340;
				TargetAttributes = {
					64ABB1D62886CEB800B203F3 = {
						CreatedOnToolsVersion = 13.4.1;
					};
				};
			};
			buildConfigurationList = 64ABB1D22886CEB800B203F3 /* Build configuration list for PBXProject "Stock App" */;
			compatibilityVersion = "Xcode 13.0";
			developmentRegion = en;
			hasScannedForEncodings = 0;
			knownRegions = (
				en,
				Base,
			);
			mainGroup = 64ABB1CE2886CEB800B203F3;
			packageReferences = (
				64D2E4C02889510100BBF4FF /* XCRemoteSwiftPackageReference "Charts" */,
				39D1D85F2889A1E400FB2B9E /* XCRemoteSwiftPackageReference "FloatingPanel" */,
				02797D41288A6DE10097EADC /* XCRemoteSwiftPackageReference "SDWebImage" */,
			);
			productRefGroup = 64ABB1D82886CEB800B203F3 /* Products */;
			projectDirPath = "";
			projectRoot = "";
			targets = (
				64ABB1D62886CEB800B203F3 /* Stock App */,
			);
		};
/* End PBXProject section */

/* Begin PBXResourcesBuildPhase section */
		64ABB1D52886CEB800B203F3 /* Resources */ = {
			isa = PBXResourcesBuildPhase;
			buildActionMask = 2147483647;
			files = (
				39DA5327289009FC0051A566 /* Assets.xcassets in Resources */,
				39DA5326289009F70051A566 /* LaunchScreen.storyboard in Resources */,
			);
			runOnlyForDeploymentPostprocessing = 0;
		};
/* End PBXResourcesBuildPhase section */

/* Begin PBXSourcesBuildPhase section */
		64ABB1D32886CEB800B203F3 /* Sources */ = {
			isa = PBXSourcesBuildPhase;
			buildActionMask = 2147483647;
			files = (
				64ABB1F72886D2D300B203F3 /* SearchVC.swift in Sources */,
				39DA532D28900E530051A566 /* SymbolsRequest.swift in Sources */,
				02232FFB2890FAF600F364E9 /* TableViewDataManager.swift in Sources */,
				02BC87292897F7A600CB209C /* StockDetailsAssembly.swift in Sources */,
				0265284428928C0A00C4159A /* TableViewModel.swift in Sources */,
				64ABB1F52886D2C400B203F3 /* FavoritesVC.swift in Sources */,
				02C42F7D28894FDD004D0091 /* FinancialMetrics.swift in Sources */,
				02BC87242897D3B600CB209C /* FinancialDataPresenter.swift in Sources */,
				39DA5316288E54300051A566 /* APIManager.swift in Sources */,
				02C42F7B288915E7004D0091 /* MarketDataResponse.swift in Sources */,
				02232FFF2890FEBA00F364E9 /* CompanyProfileRequest.swift in Sources */,
				39DA5312288E53EE0051A566 /* RequestProtocol.swift in Sources */,
				026528532892A3A800C4159A /* NewsViewPresenter.swift in Sources */,
				022155102893ABFE000025CA /* FinancialCollectionView.swift in Sources */,
				39DA5314288E54110051A566 /* DataParserProtocol.swift in Sources */,
				39DA531C288FFF230051A566 /* APIError.swift in Sources */,
				39D1D8632889A49A00FB2B9E /* NewsViewController.swift in Sources */,
				02C42F7528890C04004D0091 /* SearchResponse.swift in Sources */,
				02233001289102CF00F364E9 /* StockListInteractor.swift in Sources */,
				02797D40288A5BA90097EADC /* NewsTableViewCell.swift in Sources */,
				02BC87222897AC7400CB209C /* MetricCollectionViewEntity.swift in Sources */,
				39DA5318288FFEF20051A566 /* APIConstants.swift in Sources */,
				022330032891090C00F364E9 /* StockListRouter.swift in Sources */,
				0265284D2892973800C4159A /* NewsTableDataManager.swift in Sources */,
				0265285128929EB300C4159A /* NewsViewInteractor.swift in Sources */,
				64D2E4C52889511D00BBF4FF /* StocksTableVC.swift in Sources */,
				64ABB1FC2886DCDC00B203F3 /* StockTableViewCell.swift in Sources */,
				02C42F7F28895B24004D0091 /* StockChartView.swift in Sources */,
				028BA9AD289262710090B46C /* CalculateStockDynamic.swift in Sources */,
				0265284F2892979300C4159A /* NewsViewRouter.swift in Sources */,
				39DA5331289014EE0051A566 /* MarketDataRequest.swift in Sources */,
				02BC87142897A34500CB209C /* TimePeriodCollectionViewCell.swift in Sources */,
				022330072891143900F364E9 /* StockListPresenter.swift in Sources */,
				0223300528910DAD00F364E9 /* StockListModuleAssembly.swift in Sources */,
				39DA531A288FFF110051A566 /* RequestType.swift in Sources */,
				39DA5320288FFFAC0051A566 /* EndPoints.swift in Sources */,
				02BC871E2897ABC400CB209C /* FinancialDataInteractor.swift in Sources */,
				39DA532F28900FBF0051A566 /* FinancialMetricsRequest.swift in Sources */,
				39DA532928900AC50051A566 /* News.swift in Sources */,
				64ABB1DF2886CEB800B203F3 /* ViewController.swift in Sources */,
				64ABB1F92886D9AF00B203F3 /* Stock.swift in Sources */,
				02BC87202897ABE500CB209C /* FinancialMetricDataManager.swift in Sources */,
				64ABB1FE2887C4CB00B203F3 /* StockInfoVC.swift in Sources */,
				64ABB1F32886D29700B203F3 /* StockVC.swift in Sources */,
				64ABB1DB2886CEB800B203F3 /* AppDelegate.swift in Sources */,
				02BC87122897A22800CB209C /* PeriodCollection.swift in Sources */,
				0221550C28939E97000025CA /* StockDetailsViewController.swift in Sources */,
				022155122893B240000025CA /* MetricCollectionViewCell.swift in Sources */,
				02797D45288A9DFC0097EADC /* StockSymbols.swift in Sources */,
				39DA532B28900B210051A566 /* NewsRequest.swift in Sources */,
				026528552892A3BF00C4159A /* NewsViewAssembly.swift in Sources */,
				02BC87262897D3C300CB209C /* FinancialDataAssembly.swift in Sources */,
				02C42F7928890E5D004D0091 /* Extensions.swift in Sources */,
				02232FFD2890FE1100F364E9 /* CompanyProfile.swift in Sources */,
				64ABB1DD2886CEB800B203F3 /* SceneDelegate.swift in Sources */,
				39DA5323289000490051A566 /* Search.swift in Sources */,
				64ABB20A2887FA1300B203F3 /* IntervalCVCell.swift in Sources */,
				39E1918A288A54DE007FAFAE /* NewsTableHeaderView.swift in Sources */,
			);
			runOnlyForDeploymentPostprocessing = 0;
		};
/* End PBXSourcesBuildPhase section */

/* Begin PBXVariantGroup section */
		64ABB1E52886CEBA00B203F3 /* LaunchScreen.storyboard */ = {
			isa = PBXVariantGroup;
			children = (
				64ABB1E62886CEBA00B203F3 /* Base */,
			);
			name = LaunchScreen.storyboard;
			sourceTree = "<group>";
		};
/* End PBXVariantGroup section */

/* Begin XCBuildConfiguration section */
		64ABB1E92886CEBA00B203F3 /* Debug */ = {
			isa = XCBuildConfiguration;
			buildSettings = {
				ALWAYS_SEARCH_USER_PATHS = NO;
				CLANG_ANALYZER_NONNULL = YES;
				CLANG_ANALYZER_NUMBER_OBJECT_CONVERSION = YES_AGGRESSIVE;
				CLANG_CXX_LANGUAGE_STANDARD = "gnu++17";
				CLANG_ENABLE_MODULES = YES;
				CLANG_ENABLE_OBJC_ARC = YES;
				CLANG_ENABLE_OBJC_WEAK = YES;
				CLANG_WARN_BLOCK_CAPTURE_AUTORELEASING = YES;
				CLANG_WARN_BOOL_CONVERSION = YES;
				CLANG_WARN_COMMA = YES;
				CLANG_WARN_CONSTANT_CONVERSION = YES;
				CLANG_WARN_DEPRECATED_OBJC_IMPLEMENTATIONS = YES;
				CLANG_WARN_DIRECT_OBJC_ISA_USAGE = YES_ERROR;
				CLANG_WARN_DOCUMENTATION_COMMENTS = YES;
				CLANG_WARN_EMPTY_BODY = YES;
				CLANG_WARN_ENUM_CONVERSION = YES;
				CLANG_WARN_INFINITE_RECURSION = YES;
				CLANG_WARN_INT_CONVERSION = YES;
				CLANG_WARN_NON_LITERAL_NULL_CONVERSION = YES;
				CLANG_WARN_OBJC_IMPLICIT_RETAIN_SELF = YES;
				CLANG_WARN_OBJC_LITERAL_CONVERSION = YES;
				CLANG_WARN_OBJC_ROOT_CLASS = YES_ERROR;
				CLANG_WARN_QUOTED_INCLUDE_IN_FRAMEWORK_HEADER = YES;
				CLANG_WARN_RANGE_LOOP_ANALYSIS = YES;
				CLANG_WARN_STRICT_PROTOTYPES = YES;
				CLANG_WARN_SUSPICIOUS_MOVE = YES;
				CLANG_WARN_UNGUARDED_AVAILABILITY = YES_AGGRESSIVE;
				CLANG_WARN_UNREACHABLE_CODE = YES;
				CLANG_WARN__DUPLICATE_METHOD_MATCH = YES;
				COPY_PHASE_STRIP = NO;
				DEBUG_INFORMATION_FORMAT = dwarf;
				ENABLE_STRICT_OBJC_MSGSEND = YES;
				ENABLE_TESTABILITY = YES;
				GCC_C_LANGUAGE_STANDARD = gnu11;
				GCC_DYNAMIC_NO_PIC = NO;
				GCC_NO_COMMON_BLOCKS = YES;
				GCC_OPTIMIZATION_LEVEL = 0;
				GCC_PREPROCESSOR_DEFINITIONS = (
					"DEBUG=1",
					"$(inherited)",
				);
				GCC_WARN_64_TO_32_BIT_CONVERSION = YES;
				GCC_WARN_ABOUT_RETURN_TYPE = YES_ERROR;
				GCC_WARN_UNDECLARED_SELECTOR = YES;
				GCC_WARN_UNINITIALIZED_AUTOS = YES_AGGRESSIVE;
				GCC_WARN_UNUSED_FUNCTION = YES;
				GCC_WARN_UNUSED_VARIABLE = YES;
				IPHONEOS_DEPLOYMENT_TARGET = 15.0;
				MTL_ENABLE_DEBUG_INFO = INCLUDE_SOURCE;
				MTL_FAST_MATH = YES;
				ONLY_ACTIVE_ARCH = YES;
				SDKROOT = iphoneos;
				SWIFT_ACTIVE_COMPILATION_CONDITIONS = DEBUG;
				SWIFT_OPTIMIZATION_LEVEL = "-Onone";
			};
			name = Debug;
		};
		64ABB1EA2886CEBA00B203F3 /* Release */ = {
			isa = XCBuildConfiguration;
			buildSettings = {
				ALWAYS_SEARCH_USER_PATHS = NO;
				CLANG_ANALYZER_NONNULL = YES;
				CLANG_ANALYZER_NUMBER_OBJECT_CONVERSION = YES_AGGRESSIVE;
				CLANG_CXX_LANGUAGE_STANDARD = "gnu++17";
				CLANG_ENABLE_MODULES = YES;
				CLANG_ENABLE_OBJC_ARC = YES;
				CLANG_ENABLE_OBJC_WEAK = YES;
				CLANG_WARN_BLOCK_CAPTURE_AUTORELEASING = YES;
				CLANG_WARN_BOOL_CONVERSION = YES;
				CLANG_WARN_COMMA = YES;
				CLANG_WARN_CONSTANT_CONVERSION = YES;
				CLANG_WARN_DEPRECATED_OBJC_IMPLEMENTATIONS = YES;
				CLANG_WARN_DIRECT_OBJC_ISA_USAGE = YES_ERROR;
				CLANG_WARN_DOCUMENTATION_COMMENTS = YES;
				CLANG_WARN_EMPTY_BODY = YES;
				CLANG_WARN_ENUM_CONVERSION = YES;
				CLANG_WARN_INFINITE_RECURSION = YES;
				CLANG_WARN_INT_CONVERSION = YES;
				CLANG_WARN_NON_LITERAL_NULL_CONVERSION = YES;
				CLANG_WARN_OBJC_IMPLICIT_RETAIN_SELF = YES;
				CLANG_WARN_OBJC_LITERAL_CONVERSION = YES;
				CLANG_WARN_OBJC_ROOT_CLASS = YES_ERROR;
				CLANG_WARN_QUOTED_INCLUDE_IN_FRAMEWORK_HEADER = YES;
				CLANG_WARN_RANGE_LOOP_ANALYSIS = YES;
				CLANG_WARN_STRICT_PROTOTYPES = YES;
				CLANG_WARN_SUSPICIOUS_MOVE = YES;
				CLANG_WARN_UNGUARDED_AVAILABILITY = YES_AGGRESSIVE;
				CLANG_WARN_UNREACHABLE_CODE = YES;
				CLANG_WARN__DUPLICATE_METHOD_MATCH = YES;
				COPY_PHASE_STRIP = NO;
				DEBUG_INFORMATION_FORMAT = "dwarf-with-dsym";
				ENABLE_NS_ASSERTIONS = NO;
				ENABLE_STRICT_OBJC_MSGSEND = YES;
				GCC_C_LANGUAGE_STANDARD = gnu11;
				GCC_NO_COMMON_BLOCKS = YES;
				GCC_WARN_64_TO_32_BIT_CONVERSION = YES;
				GCC_WARN_ABOUT_RETURN_TYPE = YES_ERROR;
				GCC_WARN_UNDECLARED_SELECTOR = YES;
				GCC_WARN_UNINITIALIZED_AUTOS = YES_AGGRESSIVE;
				GCC_WARN_UNUSED_FUNCTION = YES;
				GCC_WARN_UNUSED_VARIABLE = YES;
				IPHONEOS_DEPLOYMENT_TARGET = 15.0;
				MTL_ENABLE_DEBUG_INFO = NO;
				MTL_FAST_MATH = YES;
				SDKROOT = iphoneos;
				SWIFT_COMPILATION_MODE = wholemodule;
				SWIFT_OPTIMIZATION_LEVEL = "-O";
				VALIDATE_PRODUCT = YES;
			};
			name = Release;
		};
		64ABB1EC2886CEBA00B203F3 /* Debug */ = {
			isa = XCBuildConfiguration;
			buildSettings = {
				ASSETCATALOG_COMPILER_APPICON_NAME = AppIcon;
				ASSETCATALOG_COMPILER_GLOBAL_ACCENT_COLOR_NAME = AccentColor;
				CODE_SIGN_STYLE = Manual;
				CURRENT_PROJECT_VERSION = 1;
				DEVELOPMENT_TEAM = "";
				GENERATE_INFOPLIST_FILE = YES;
				INFOPLIST_FILE = "Stock App/Support/Info.plist";
				INFOPLIST_KEY_UIApplicationSupportsIndirectInputEvents = YES;
				INFOPLIST_KEY_UILaunchStoryboardName = LaunchScreen;
				INFOPLIST_KEY_UISupportedInterfaceOrientations_iPad = "UIInterfaceOrientationPortrait UIInterfaceOrientationPortraitUpsideDown UIInterfaceOrientationLandscapeLeft UIInterfaceOrientationLandscapeRight";
				INFOPLIST_KEY_UISupportedInterfaceOrientations_iPhone = "UIInterfaceOrientationPortrait UIInterfaceOrientationLandscapeLeft UIInterfaceOrientationLandscapeRight";
				LD_RUNPATH_SEARCH_PATHS = (
					"$(inherited)",
					"@executable_path/Frameworks",
				);
				MARKETING_VERSION = 1.0;
				PRODUCT_BUNDLE_IDENTIFIER = "aigerim.Stock-App";
				PRODUCT_NAME = "$(TARGET_NAME)";
				PROVISIONING_PROFILE_SPECIFIER = "";
				SWIFT_EMIT_LOC_STRINGS = YES;
				SWIFT_VERSION = 5.0;
				TARGETED_DEVICE_FAMILY = "1,2";
			};
			name = Debug;
		};
		64ABB1ED2886CEBA00B203F3 /* Release */ = {
			isa = XCBuildConfiguration;
			buildSettings = {
				ASSETCATALOG_COMPILER_APPICON_NAME = AppIcon;
				ASSETCATALOG_COMPILER_GLOBAL_ACCENT_COLOR_NAME = AccentColor;
				CODE_SIGN_STYLE = Manual;
				CURRENT_PROJECT_VERSION = 1;
				DEVELOPMENT_TEAM = "";
				GENERATE_INFOPLIST_FILE = YES;
				INFOPLIST_FILE = "Stock App/Support/Info.plist";
				INFOPLIST_KEY_UIApplicationSupportsIndirectInputEvents = YES;
				INFOPLIST_KEY_UILaunchStoryboardName = LaunchScreen;
				INFOPLIST_KEY_UISupportedInterfaceOrientations_iPad = "UIInterfaceOrientationPortrait UIInterfaceOrientationPortraitUpsideDown UIInterfaceOrientationLandscapeLeft UIInterfaceOrientationLandscapeRight";
				INFOPLIST_KEY_UISupportedInterfaceOrientations_iPhone = "UIInterfaceOrientationPortrait UIInterfaceOrientationLandscapeLeft UIInterfaceOrientationLandscapeRight";
				LD_RUNPATH_SEARCH_PATHS = (
					"$(inherited)",
					"@executable_path/Frameworks",
				);
				MARKETING_VERSION = 1.0;
				PRODUCT_BUNDLE_IDENTIFIER = "aigerim.Stock-App";
				PRODUCT_NAME = "$(TARGET_NAME)";
				PROVISIONING_PROFILE_SPECIFIER = "";
				SWIFT_EMIT_LOC_STRINGS = YES;
				SWIFT_VERSION = 5.0;
				TARGETED_DEVICE_FAMILY = "1,2";
			};
			name = Release;
		};
/* End XCBuildConfiguration section */

/* Begin XCConfigurationList section */
		64ABB1D22886CEB800B203F3 /* Build configuration list for PBXProject "Stock App" */ = {
			isa = XCConfigurationList;
			buildConfigurations = (
				64ABB1E92886CEBA00B203F3 /* Debug */,
				64ABB1EA2886CEBA00B203F3 /* Release */,
			);
			defaultConfigurationIsVisible = 0;
			defaultConfigurationName = Release;
		};
		64ABB1EB2886CEBA00B203F3 /* Build configuration list for PBXNativeTarget "Stock App" */ = {
			isa = XCConfigurationList;
			buildConfigurations = (
				64ABB1EC2886CEBA00B203F3 /* Debug */,
				64ABB1ED2886CEBA00B203F3 /* Release */,
			);
			defaultConfigurationIsVisible = 0;
			defaultConfigurationName = Release;
		};
/* End XCConfigurationList section */

/* Begin XCRemoteSwiftPackageReference section */
		02797D41288A6DE10097EADC /* XCRemoteSwiftPackageReference "SDWebImage" */ = {
			isa = XCRemoteSwiftPackageReference;
			repositoryURL = "https://github.com/SDWebImage/SDWebImage.git";
			requirement = {
				kind = upToNextMajorVersion;
				minimumVersion = 5.0.0;
			};
		};
		39D1D85F2889A1E400FB2B9E /* XCRemoteSwiftPackageReference "FloatingPanel" */ = {
			isa = XCRemoteSwiftPackageReference;
			repositoryURL = "https://github.com/scenee/FloatingPanel.git";
			requirement = {
				kind = upToNextMajorVersion;
				minimumVersion = 2.0.0;
			};
		};
		64D2E4C02889510100BBF4FF /* XCRemoteSwiftPackageReference "Charts" */ = {
			isa = XCRemoteSwiftPackageReference;
			repositoryURL = "https://github.com/danielgindi/Charts";
			requirement = {
				branch = master;
				kind = branch;
			};
		};
/* End XCRemoteSwiftPackageReference section */

/* Begin XCSwiftPackageProductDependency section */
		02797D42288A6DE10097EADC /* SDWebImage */ = {
			isa = XCSwiftPackageProductDependency;
			package = 02797D41288A6DE10097EADC /* XCRemoteSwiftPackageReference "SDWebImage" */;
			productName = SDWebImage;
		};
		39D1D8602889A1E400FB2B9E /* FloatingPanel */ = {
			isa = XCSwiftPackageProductDependency;
			package = 39D1D85F2889A1E400FB2B9E /* XCRemoteSwiftPackageReference "FloatingPanel" */;
			productName = FloatingPanel;
		};
		64D2E4C12889510100BBF4FF /* Charts */ = {
			isa = XCSwiftPackageProductDependency;
			package = 64D2E4C02889510100BBF4FF /* XCRemoteSwiftPackageReference "Charts" */;
			productName = Charts;
		};
/* End XCSwiftPackageProductDependency section */
	};
	rootObject = 64ABB1CF2886CEB800B203F3 /* Project object */;
}
